
Microsoft Visual Studio Solution File, Format Version 12.00
# Visual Studio Version 16
VisualStudioVersion = 16.0.30907.101
MinimumVisualStudioVersion = 10.0.40219.1
Project("{9A19103F-16F7-4668-BE54-9A1E7A4F7556}") = "LearningStarter", "LearningStarter\LearningStarter.csproj", "{CEDAB2A7-AB1D-47AE-B655-AB6F0B25225D}"
EndProject
Global
	GlobalSection(SolutionConfigurationPlatforms) = preSolution
		Debug|Any CPU = Debug|Any CPU
		Debug|ARM32 = Debug|ARM32
		LearningStarterServer|Any CPU = LearningStarterServer|Any CPU
		LearningStarterServer|ARM32 = LearningStarterServer|ARM32
		Release|Any CPU = Release|Any CPU
		Release|ARM32 = Release|ARM32
	EndGlobalSection
	GlobalSection(ProjectConfigurationPlatforms) = postSolution
		{CEDAB2A7-AB1D-47AE-B655-AB6F0B25225D}.Debug|Any CPU.ActiveCfg = Debug|Any CPU
		{CEDAB2A7-AB1D-47AE-B655-AB6F0B25225D}.Debug|Any CPU.Build.0 = Debug|Any CPU
		{CEDAB2A7-AB1D-47AE-B655-AB6F0B25225D}.Debug|ARM32.ActiveCfg = Debug|Any CPU
		{CEDAB2A7-AB1D-47AE-B655-AB6F0B25225D}.Debug|ARM32.Build.0 = Debug|Any CPU
		{CEDAB2A7-AB1D-47AE-B655-AB6F0B25225D}.LearningStarterServer|Any CPU.ActiveCfg = LearningStarterServer|Any CPU
		{CEDAB2A7-AB1D-47AE-B655-AB6F0B25225D}.LearningStarterServer|Any CPU.Build.0 = LearningStarterServer|Any CPU
		{CEDAB2A7-AB1D-47AE-B655-AB6F0B25225D}.LearningStarterServer|ARM32.ActiveCfg = LearningStarterServer|Any CPU
		{CEDAB2A7-AB1D-47AE-B655-AB6F0B25225D}.Release|Any CPU.ActiveCfg = Release|Any CPU
		{CEDAB2A7-AB1D-47AE-B655-AB6F0B25225D}.Release|Any CPU.Build.0 = Release|Any CPU
		{CEDAB2A7-AB1D-47AE-B655-AB6F0B25225D}.Release|ARM32.ActiveCfg = Release|Any CPU
	EndGlobalSection
	GlobalSection(SolutionProperties) = preSolution
		HideSolutionNode = FALSE
	EndGlobalSection
	GlobalSection(ExtensibilityGlobals) = postSolution
		SolutionGuid = {EA72F534-E1A4-4964-AB71-35A7495135DF}
	EndGlobalSection
EndGlobal
